<?xml version="1.0" encoding="utf-8"?>
<Project ToolsVersion="4.0" xmlns="http://schemas.microsoft.com/developer/msbuild/2003">
  <ItemGroup>
    <FxCompile Include="Shader\BasicPS.hlsl" />
    <FxCompile Include="Shader\BasicVS.hlsl" />
    <FxCompile Include="Shader\bloomFinal.hlsl" />
    <FxCompile Include="Shader\BlurPS.hlsl" />
    <FxCompile Include="Shader\BreathShakePS.hlsl" />
    <FxCompile Include="Shader\CrackshaftPS.hlsl" />
    <FxCompile Include="Shader\crtPS.hlsl" />
    <FxCompile Include="Shader\CustomPS.hlsl" />
    <FxCompile Include="Shader\CustomVS.hlsl" />
    <FxCompile Include="Shader\FullScreenQuadPS.hlsl" />
    <FxCompile Include="Shader\FullScreenQuadVS.hlsl" />
    <FxCompile Include="Shader\GlitchPS.hlsl" />
    <FxCompile Include="Shader\gaussian_blur_downsampling_ps.hlsl" />
    <FxCompile Include="Shader\gaussian_blur_horizontal_ps.hlsl" />
    <FxCompile Include="Shader\gaussian_blur_upsampling_ps.hlsl" />
    <FxCompile Include="Shader\gaussian_blur_vertical_ps.hlsl" />
    <FxCompile Include="Shader\GlitchPS.hlsl" />
    <FxCompile Include="Shader\glow_extraction_ps.hlsl" />
    <FxCompile Include="Shader\HighLightPassPS.hlsl" />
    <FxCompile Include="Shader\LambertPS.hlsl" />
    <FxCompile Include="Shader\LambertVS.hlsl" />
    <FxCompile Include="Shader\NoSignalFinalePS.hlsl" />
    <FxCompile Include="Shader\ShapeRendererPS.hlsl" />
    <FxCompile Include="Shader\ShapeRendererVS.hlsl" />
    <FxCompile Include="Shader\PrimitiveRendererPS.hlsl" />
    <FxCompile Include="Shader\PrimitiveRendererVS.hlsl" />
    <FxCompile Include="Shader\SharpenPS.hlsl" />
    <FxCompile Include="Shader\SpritePS.hlsl" />
    <FxCompile Include="Shader\SpriteVS.hlsl" />
    <FxCompile Include="Shader\TemporalNoisePS.hlsl" />
    <FxCompile Include="Shader\VisionBootDownPS.hlsl" />
    <FxCompile Include="Shader\TVNoiseFadePS.hlsl" />
    <FxCompile Include="Shader\GameOverPS.hlsl" />
    <FxCompile Include="Shader\Noise_ps.hlsl" />
    <FxCompile Include="Shader\FadeToBlackPS.hlsl" />
    <FxCompile Include="Shader\FilmGrainDustPS.hlsl" />
    <FxCompile Include="Shader\NoiseChangePS.hlsl" />
    <FxCompile Include="Shader\WardenGazePS.hlsl" />
    <FxCompile Include="Shader\LightFlickerPS.hlsl" />
    <FxCompile Include="Shader\TimerPS.hlsl" />
    <FxCompile Include="Shader\RedPulseAlertPS.hlsl" />
    <FxCompile Include="Shader\RadialBlur.hlsl" />
    <FxCompile Include="Shader\VHSPS.hlsl" />
  </ItemGroup>
  <ItemGroup>
    <ClCompile Include="External\imgui-docking\imgui.cpp" />
    <ClCompile Include="External\imgui-docking\imgui_demo.cpp" />
    <ClCompile Include="External\imgui-docking\imgui_draw.cpp" />
    <ClCompile Include="External\imgui-docking\imgui_impl_dx11.cpp" />
    <ClCompile Include="External\imgui-docking\imgui_impl_win32.cpp" />
    <ClCompile Include="External\imgui-docking\imgui_widgets.cpp" />
    <ClCompile Include="Source\Camera\Camera.cpp" />
    <ClCompile Include="Source\Camera\CameraController.cpp" />
    <ClCompile Include="Source\Camera\CameraController\FPCameraController.cpp" />
    <ClCompile Include="Source\Camera\CameraController\FreeCameraController.cpp" />
    <ClCompile Include="Source\Framework.cpp" />
    <ClCompile Include="Source\GameObjects\Enemy\Enemy.cpp" />
    <ClCompile Include="Source\GameObjects\Player\Player.cpp" />
    <ClCompile Include="Source\LightDebugCameraController.cpp" />
    <ClCompile Include="Source\Main.cpp" />
    <ClCompile Include="Source\Math\Collision.cpp" />
    <ClCompile Include="Source\MiniMap.cpp" />
    <ClCompile Include="Source\Projectile.cpp" />
    <ClCompile Include="Source\ProjectileHoming.cpp" />
    <ClCompile Include="Source\ProjectileManager.cpp" />
    <ClCompile Include="Source\ProjectileStraigth.cpp" />
    <ClCompile Include="Source\GameObjects\Character.cpp" />
    <ClCompile Include="Source\Pursuer\ObjectBase.cpp" />
    <ClCompile Include="Source\Pursuer\SearchAI.cpp" />
    <ClCompile Include="Source\Scene\fujimoto.cpp" />
    <ClCompile Include="Source\Scene\SceneGame.cpp" />
    <ClCompile Include="Source\Scene\SceneGraphics.cpp" />
    <ClCompile Include="Source\Scene\SceneLoading.cpp" />
    <ClCompile Include="Source\Scene\SceneManager.cpp" />
    <ClCompile Include="Source\Scene\SceneMattsu.cpp" />
    <ClCompile Include="Source\Scene\SceneTitle.cpp" />
    <ClCompile Include="Source\Stage.cpp" />
    <ClCompile Include="Source\System\AnimationController.cpp" />
    <ClCompile Include="Source\System\Audio.cpp" />
    <ClCompile Include="Source\System\AudioResource.cpp" />
    <ClCompile Include="Source\System\AudioSource.cpp" />
    <ClCompile Include="Source\System\BasicShader.cpp" />
    <ClCompile Include="Source\System\Bloom.cpp" />
    <ClCompile Include="Source\System\CustomShader.cpp" />
    <ClCompile Include="Source\System\FrameBuffer.cpp" />
    <ClCompile Include="Source\System\FullScreenQuad.cpp" />
    <ClCompile Include="Source\System\GamePad.cpp" />
    <ClCompile Include="Source\System\GpuResourceUtils.cpp" />
    <ClCompile Include="Source\System\Graphics.cpp" />
    <ClCompile Include="Source\System\ImGuiRenderer.cpp" />
    <ClCompile Include="Source\System\Input.cpp" />
    <ClCompile Include="Source\System\LambertShader.cpp" />
    <ClCompile Include="Source\System\LoadTextures.cpp" />
    <ClCompile Include="Source\System\Model.cpp" />
    <ClCompile Include="Source\System\ModelRenderer.cpp" />
    <ClCompile Include="Source\System\ModelResource.cpp" />
    <ClCompile Include="Source\System\Mouse.cpp" />
    <ClCompile Include="Source\System\RenderState.cpp" />
    <ClCompile Include="Source\System\ShadowCaster.cpp" />
    <ClCompile Include="Source\System\ShapeRenderer.cpp" />
    <ClCompile Include="Source\System\Sprite.cpp" />
    <ClCompile Include="Source\System\SettingsManager.cpp" />
    <ClCompile Include="Source\Life.cpp" />
    <ClCompile Include="Source\Scene\SceneGameOver.cpp" />
    <ClCompile Include="Source\Camera\CameraController\SceneCameraController.cpp" />
    <ClCompile Include="Source\System\ResourceManager.cpp" />
    <ClCompile Include="Source\GameObjects\LightModels\LightTorus\LightTorus.cpp" />
    <ClCompile Include="Source\GameObjects\LightModels\LightPoint\LightPoint.cpp" />
    <ClCompile Include="Source\GameObjects\LightModels\LightBar\LightBar.cpp" />
    <ClCompile Include="Source\Scene\SceneLogo.cpp" />
    <ClCompile Include="Source\GameObjects\Aircon\AirconManager.cpp" />
    <ClCompile Include="Source\GameObjects\Aircon\Aircon.cpp" />
    <ClCompile Include="Source\GameObjects\LightModels\LightManager.cpp" />
    <ClCompile Include="Source\System\UI.cpp" />
    <ClCompile Include="Source\System\UiManager.cpp" />
    <ClCompile Include="Source\3DAudio\3dAudio.cpp" />
    <ClCompile Include="Source\GameObjects\TV\TV.cpp" />
    <ClCompile Include="Source\Scene\SceneClear.cpp" />
    <ClCompile Include="Source\GameObjects\battery\battery.cpp" />
    <ClCompile Include="Source\GameObjects\Object\Object.cpp" />
    <ClCompile Include="Source\GameObjects\Object\ObjectManager.cpp" />
    <ClCompile Include="Source\metar.cpp" />
    <ClCompile Include="Source\System\CollisionEditor.cpp" />
    <ClCompile Include="Source\PauseSystem.cpp" />
  </ItemGroup>
  <ItemGroup>
    <ClInclude Include="External\imgui-docking\imconfig.h" />
    <ClInclude Include="External\imgui-docking\imgui.h" />
    <ClInclude Include="External\imgui-docking\imgui_impl_dx11.h" />
    <ClInclude Include="External\imgui-docking\imgui_impl_win32.h" />
    <ClInclude Include="External\imgui-docking\imgui_internal.h" />
    <ClInclude Include="External\imgui-docking\imstb_rectpack.h" />
    <ClInclude Include="External\imgui-docking\imstb_textedit.h" />
    <ClInclude Include="External\imgui-docking\imstb_truetype.h" />
    <ClInclude Include="Source\Camera\Camera.h" />
    <ClInclude Include="Source\Camera\CameraController.h" />
    <ClInclude Include="Source\Camera\CameraController\FPCameraController.h" />
    <ClInclude Include="Source\Camera\CameraController\FreeCameraController.h" />
    <ClInclude Include="Source\Camera\CameraController\ICameraController.h" />
    <ClInclude Include="Source\Framework.h" />
    <ClInclude Include="Source\GameObjects\Enemy\Enemy.h" />
    <ClInclude Include="Source\GameObjects\GameObject.h" />
    <ClInclude Include="Source\GameObjects\Player\Player.h" />
    <ClInclude Include="Source\LightDebugCameraController.h" />
    <ClInclude Include="Source\Math\Collision.h" />
    <ClInclude Include="Source\MiniMap.h" />
    <ClInclude Include="Source\Projectile.h" />
    <ClInclude Include="Source\ProjectileHoming.h" />
    <ClInclude Include="Source\ProjectileManager.h" />
    <ClInclude Include="Source\ProjectileStraigth.h" />
    <ClInclude Include="Source\GameObjects\Character.h" />
    <ClInclude Include="Source\Pursuer\Edge.h" />
    <ClInclude Include="Source\Pursuer\ObjectBase.h" />
    <ClInclude Include="Source\Pursuer\SearchAI.h" />
    <ClInclude Include="Source\Pursuer\WayPoint.h" />
    <ClInclude Include="Source\Scene\fujimoto.h" />
    <ClInclude Include="Source\Scene\Scene.h" />
    <ClInclude Include="Source\Scene\SceneGame.h" />
    <ClInclude Include="Source\Scene\SceneGraphics.h" />
    <ClInclude Include="Source\Scene\SceneLoading.h" />
    <ClInclude Include="Source\Scene\SceneManager.h" />
    <ClInclude Include="Source\Scene\SceneMattsu.h" />
    <ClInclude Include="Source\Scene\SceneTitle.h" />
    <ClInclude Include="Source\Stage.h" />
    <ClInclude Include="Source\System\AnimationController.h" />
    <ClInclude Include="Source\System\Audio.h" />
    <ClInclude Include="Source\System\AudioResource.h" />
    <ClInclude Include="Source\System\AudioSource.h" />
    <ClInclude Include="Source\System\BasicShader.h" />
    <ClInclude Include="Source\System\bloom.h" />
    <ClInclude Include="Source\System\CustomShader.h" />
    <ClInclude Include="Source\System\FrameBuffer.h" />
    <ClInclude Include="Source\System\FullScreenQuad.h" />
    <ClInclude Include="Source\System\GamePad.h" />
    <ClInclude Include="Source\System\GpuResourceUtils.h" />
    <ClInclude Include="Source\System\Graphics.h" />
    <ClInclude Include="Source\System\HighResolutionTimer.h" />
    <ClInclude Include="Source\System\ImGuiRenderer.h" />
    <ClInclude Include="Source\System\Input.h" />
    <ClInclude Include="Source\System\LambertShader.h" />
    <ClInclude Include="Source\System\LoadTextures.h" />
    <ClInclude Include="Source\System\Misc.h" />
    <ClInclude Include="Source\System\Model.h" />
    <ClInclude Include="Source\System\ModelRenderer.h" />
    <ClInclude Include="Source\System\ModelResource.h" />
    <ClInclude Include="Source\System\Mouse.h" />
    <ClInclude Include="Source\System\RenderContext.h" />
    <ClInclude Include="Source\System\RenderState.h" />
    <ClInclude Include="Source\System\Shader.h" />
    <ClInclude Include="Source\System\ShadowCaster.h" />
    <ClInclude Include="Source\System\ShapeRenderer.h" />
    <ClInclude Include="Source\System\Sprite.h" />
    <ClInclude Include="Source\System\SettingsManager.h" />
    <ClInclude Include="Source\Life.h" />
    <ClInclude Include="Source\Scene\SceneGameOver.h" />
    <ClInclude Include="Source\Camera\CameraController\SceneCameraController.h" />
    <ClInclude Include="Source\System\ResourceManager.h" />
    <ClInclude Include="Source\GameObjects\LightModels\LightTorus\LightTorus.h" />
    <ClInclude Include="Source\GameObjects\LightModels\LightPoint\LightPoint.h" />
    <ClInclude Include="Source\GameObjects\LightModels\LightBar\LightBar.h" />
    <ClInclude Include="Source\Scene\SceneLogo.h" />
    <ClInclude Include="Source\GameObjects\Aircon\AirconManager.h" />
    <ClInclude Include="Source\GameObjects\Aircon\Aircon.h" />
    <ClInclude Include="Source\GameObjects\LightModels\LightManager.h" />
    <ClInclude Include="Source\System\UI.h" />
    <ClInclude Include="Source\System\UiManager.h" />
    <ClInclude Include="Source\3DAudio\3dAudio.h" />
    <ClInclude Include="Source\GameObjects\TV\TV.h" />
    <ClInclude Include="Source\Scene\SceneClear.h" />
    <ClInclude Include="Source\GameObjects\battery\battery.h" />
    <ClInclude Include="Source\GameObjects\battery\batteryManager.h" />
    <ClInclude Include="Source\RankSystem\RankSystem.h" />
    <ClInclude Include="Source\GameObjects\Object\Object.h" />
    <ClInclude Include="Source\GameObjects\Object\ObjectManager.h" />
    <ClInclude Include="Source\System\difficulty.h" />
    <ClInclude Include="Source\metar.h" />
    <ClInclude Include="Source\Math\Easing.h" />
    <ClInclude Include="Source\System\CollisionEditor.h" />
    <ClInclude Include="Source\EnemyUI.h" />
    <ClInclude Include="Source\System\CursorManager.h" />
    <ClInclude Include="Source\PauseSystem.h" />
    <ClInclude Include="Source\PlayerUI.h" />
  </ItemGroup>
  <ItemGroup>
    <None Include="Shader\Basic.hlsli" />
  </ItemGroup>
  <ItemGroup>
    <None Include="Shader\Basic.hlsli" />
    <None Include="Shader\Bloom.hlsli" />
    <None Include="Shader\Custom.hlsli" />
    <None Include="Shader\FullScreenQuad.hlsli" />
    <None Include="Shader\Function.hlsli" />
    <None Include="Shader\Lambert.hlsli" />
    <None Include="Shader\Scene.hlsli" />
    <None Include="Shader\ShapeRenderer.hlsli" />
    <None Include="Shader\PrimitiveRenderer.hlsli" />
    <None Include="Shader\Skinning.hlsli" />
    <None Include="Shader\Sprite.hlsli" />
  </ItemGroup>
  <ItemGroup>
    <ResourceCompile Include="Source\Game.rc" />
  </ItemGroup>
</Project>